
Microsoft Visual Studio Solution File, Format Version 12.00
# Visual Studio 15
Project("{FAE04EC0-301F-11D3-BF4B-00C04F79EFBC}") = "Assembly-CSharp", "Assembly-CSharp.csproj", "{95319D35-2581-60CF-7B6E-834FCFF086CF}"
EndProject
Project("{FAE04EC0-301F-11D3-BF4B-00C04F79EFBC}") = "Assembly-CSharp-Editor", "Assembly-CSharp-Editor.csproj", "{8E693BD0-B10C-4E8D-F06F-7B84F043EC5D}"
EndProject
Global
	GlobalSection(SolutionConfigurationPlatforms) = preSolution
		Debug|Any CPU = Debug|Any CPU
		Release|Any CPU = Release|Any CPU
	EndGlobalSection
	GlobalSection(ProjectConfigurationPlatforms) = postSolution
		{95319D35-2581-60CF-7B6E-834FCFF086CF}.Debug|Any CPU.ActiveCfg = Debug|Any CPU
		{95319D35-2581-60CF-7B6E-834FCFF086CF}.Debug|Any CPU.Build.0 = Debug|Any CPU
		{95319D35-2581-60CF-7B6E-834FCFF086CF}.Release|Any CPU.ActiveCfg = Release|Any CPU
		{95319D35-2581-60CF-7B6E-834FCFF086CF}.Release|Any CPU.Build.0 = Release|Any CPU
		{8E693BD0-B10C-4E8D-F06F-7B84F043EC5D}.Debug|Any CPU.ActiveCfg = Debug|Any CPU
		{8E693BD0-B10C-4E8D-F06F-7B84F043EC5D}.Debug|Any CPU.Build.0 = Debug|Any CPU
		{8E693BD0-B10C-4E8D-F06F-7B84F043EC5D}.Release|Any CPU.ActiveCfg = Release|Any CPU
		{8E693BD0-B10C-4E8D-F06F-7B84F043EC5D}.Release|Any CPU.Build.0 = Release|Any CPU
	EndGlobalSection
	GlobalSection(SolutionProperties) = preSolution
		HideSolutionNode = FALSE
	EndGlobalSection
EndGlobal
